{
  "object": {
    "pins": [
      {
        "package": "LoggerKit",
        "repositoryURL": "https://github.com/kongzii/LoggerKit.git",
        "state": {
          "branch": null,
          "revision": "9b54626f49f97c38227009762cce4156dfa313a5",
          "version": "0.0.0"
        }
      },
      {
        "package": "PythonKit",
        "repositoryURL": "https://github.com/kongzii/PythonKit",
        "state": {
          "branch": null,
          "revision": "977002d1f5cad96c84360d0ad4496ec614c58975",
          "version": "0.0.1"
        }
      },
      {
        "package": "Rainbow",
        "repositoryURL": "https://github.com/onevcat/Rainbow",
        "state": {
          "branch": null,
          "revision": "9c52c1952e9b2305d4507cf473392ac2d7c9b155",
          "version": "3.1.5"
        }
      },
      {
        "package": "swift-argument-parser",
        "repositoryURL": "https://github.com/apple/swift-argument-parser",
        "state": {
          "branch": null,
          "revision": "223d62adc52d51669ae2ee19bdb8b7d9fd6fcd9c",
          "version": "0.0.6"
        }
      },
      {
        "package": "swift-log",
        "repositoryURL": "https://github.com/apple/swift-log.git",
        "state": {
          "branch": null,
          "revision": "74d7b91ceebc85daf387ebb206003f78813f71aa",
          "version": "1.2.0"
        }
      },
      {
        "package": "SwiftPlot",
        "repositoryURL": "https://github.com/KarthikRIyer/swiftplot.git",
        "state": {
          "branch": null,
          "revision": "c5424eb8688217029d44e941d3a1d2ccc18c3a82",
          "version": "2.0.0"
        }
      }
    ]
  },
  "version": 1
}
